
Microsoft Visual Studio Solution File, Format Version 12.00
# Visual Studio Version 17
VisualStudioVersion = 17.4.33205.214
MinimumVisualStudioVersion = 10.0.40219.1
Project("{FAE04EC0-301F-11D3-BF4B-00C04F79EFBC}") = "StudentAPI", "StudentAPI\StudentAPI.csproj", "{F5DF28A4-1612-4EC6-A622-A0648DBB254B}"
EndProject
Global
	GlobalSection(SolutionConfigurationPlatforms) = preSolution
		Debug|Any CPU = Debug|Any CPU
		Release|Any CPU = Release|Any CPU
	EndGlobalSection
	GlobalSection(ProjectConfigurationPlatforms) = postSolution
		{F5DF28A4-1612-4EC6-A622-A0648DBB254B}.Debug|Any CPU.ActiveCfg = Debug|Any CPU
		{F5DF28A4-1612-4EC6-A622-A0648DBB254B}.Debug|Any CPU.Build.0 = Debug|Any CPU
		{F5DF28A4-1612-4EC6-A622-A0648DBB254B}.Release|Any CPU.ActiveCfg = Release|Any CPU
		{F5DF28A4-1612-4EC6-A622-A0648DBB254B}.Release|Any CPU.Build.0 = Release|Any CPU
	EndGlobalSection
	GlobalSection(SolutionProperties) = preSolution
		HideSolutionNode = FALSE
	EndGlobalSection
	GlobalSection(ExtensibilityGlobals) = postSolution
		SolutionGuid = {7A081931-70FC-4746-87BC-E3F603794B63}
	EndGlobalSection
EndGlobal
